
Microsoft Visual Studio Solution File, Format Version 12.00
# Visual Studio Version 17
VisualStudioVersion = 17.1.32328.378
MinimumVisualStudioVersion = 10.0.40219.1
Project("{FAE04EC0-301F-11D3-BF4B-00C04F79EFBC}") = "Practices", "Practices\Practices.csproj", "{75C8B46E-CF31-4689-A364-5FE44E9695E7}"
EndProject
Project("{FAE04EC0-301F-11D3-BF4B-00C04F79EFBC}") = "CalculatorTests", "CalculatorTests\CalculatorTests.csproj", "{C52B8A20-0414-4545-9CD7-F2B9FB573005}"
EndProject
Global
	GlobalSection(SolutionConfigurationPlatforms) = preSolution
		Debug|Any CPU = Debug|Any CPU
		Release|Any CPU = Release|Any CPU
	EndGlobalSection
	GlobalSection(ProjectConfigurationPlatforms) = postSolution
		{75C8B46E-CF31-4689-A364-5FE44E9695E7}.Debug|Any CPU.ActiveCfg = Debug|Any CPU
		{75C8B46E-CF31-4689-A364-5FE44E9695E7}.Debug|Any CPU.Build.0 = Debug|Any CPU
		{75C8B46E-CF31-4689-A364-5FE44E9695E7}.Release|Any CPU.ActiveCfg = Release|Any CPU
		{75C8B46E-CF31-4689-A364-5FE44E9695E7}.Release|Any CPU.Build.0 = Release|Any CPU
		{C52B8A20-0414-4545-9CD7-F2B9FB573005}.Debug|Any CPU.ActiveCfg = Debug|Any CPU
		{C52B8A20-0414-4545-9CD7-F2B9FB573005}.Debug|Any CPU.Build.0 = Debug|Any CPU
		{C52B8A20-0414-4545-9CD7-F2B9FB573005}.Release|Any CPU.ActiveCfg = Release|Any CPU
		{C52B8A20-0414-4545-9CD7-F2B9FB573005}.Release|Any CPU.Build.0 = Release|Any CPU
	EndGlobalSection
	GlobalSection(SolutionProperties) = preSolution
		HideSolutionNode = FALSE
	EndGlobalSection
	GlobalSection(ExtensibilityGlobals) = postSolution
		SolutionGuid = {65B68061-7D74-4F26-8B3D-3222A0125B8D}
	EndGlobalSection
EndGlobal
